# THIS IS AN AUTOGENERATED FILE. DO NOT EDIT THIS FILE DIRECTLY.
# yarn lockfile v1


"@discordjs/builders@^0.2.0":
  version "0.2.0"
  resolved "https://registry.yarnpkg.com/@discordjs/builders/-/builders-0.2.0.tgz#832c8d894aad13362db7a99f11a7826b21e4cd94"
  integrity sha512-TVq7NZBCJrrTRc3CfxOr3IdgY5nrtqVxZ7qDUF1mN6LgxIiOldmFxsSwMrQBzLFVmOwqFyNLKCeblley8UpEuw==
  dependencies:
    discord-api-types "^0.18.1"
    tslib "^2.3.0"

"@discordjs/collection@^0.1.6":
  version "0.1.6"
  resolved "https://registry.yarnpkg.com/@discordjs/collection/-/collection-0.1.6.tgz#9e9a7637f4e4e0688fd8b2b5c63133c91607682c"
  integrity sha512-utRNxnd9kSS2qhyivo9lMlt5qgAUasH2gb7BEOn6p0efFh24gjGomHzWKMAPn2hEReOPQZCJaRKoURwRotKucQ==

"@discordjs/form-data@^3.0.1":
  version "3.0.1"
  resolved "https://registry.yarnpkg.com/@discordjs/form-data/-/form-data-3.0.1.tgz#5c9e6be992e2e57d0dfa0e39979a850225fb4697"
  integrity sha512-ZfFsbgEXW71Rw/6EtBdrP5VxBJy4dthyC0tpQKGKmYFImlmmrykO14Za+BiIVduwjte0jXEBlhSKf0MWbFp9Eg==
  dependencies:
    asynckit "^0.4.0"
    combined-stream "^1.0.8"
    mime-types "^2.1.12"

"@sapphire/async-queue@^1.1.4":
  version "1.1.4"
  resolved "https://registry.yarnpkg.com/@sapphire/async-queue/-/async-queue-1.1.4.tgz#ae431310917a8880961cebe8e59df6ffa40f2957"
  integrity sha512-fFrlF/uWpGOX5djw5Mu2Hnnrunao75WGey0sP0J3jnhmrJ5TAPzHYOmytD5iN/+pMxS+f+u/gezqHa9tPhRHEA==

"@sentry/core@6.10.0":
  version "6.10.0"
  resolved "https://registry.yarnpkg.com/@sentry/core/-/core-6.10.0.tgz#70af9dc72bb6a5b59062a31b7de023f7f1878357"
  integrity sha512-5KlxHJlbD7AMo+b9pMGkjxUOfMILtsqCtGgI7DMvZNfEkdohO8QgUY+hPqr540kmwArFS91ipQYWhqzGaOhM3Q==
  dependencies:
    "@sentry/hub" "6.10.0"
    "@sentry/minimal" "6.10.0"
    "@sentry/types" "6.10.0"
    "@sentry/utils" "6.10.0"
    tslib "^1.9.3"

"@sentry/hub@6.10.0":
  version "6.10.0"
  resolved "https://registry.yarnpkg.com/@sentry/hub/-/hub-6.10.0.tgz#d59be18016426fd3a5e8d38712c2080466aafe3c"
  integrity sha512-MV8wjhWiFAXZAhmj7Ef5QdBr2IF93u8xXiIo2J+dRZ7eVa4/ZszoUiDbhUcl/TPxczaw4oW2a6tINBNFLzXiig==
  dependencies:
    "@sentry/types" "6.10.0"
    "@sentry/utils" "6.10.0"
    tslib "^1.9.3"

"@sentry/minimal@6.10.0":
  version "6.10.0"
  resolved "https://registry.yarnpkg.com/@sentry/minimal/-/minimal-6.10.0.tgz#9404b93fae649b6c48e1da8f0991b87cf9999561"
  integrity sha512-yarm046UgUFIBoxqnBan2+BEgaO9KZCrLzsIsmALiQvpfW92K1lHurSawl5W6SR7wCYBnNn7CPvPE/BHFdy4YA==
  dependencies:
    "@sentry/hub" "6.10.0"
    "@sentry/types" "6.10.0"
    tslib "^1.9.3"

"@sentry/node@^6.10.0":
  version "6.10.0"
  resolved "https://registry.yarnpkg.com/@sentry/node/-/node-6.10.0.tgz#d91a6877f3447d7349a7f343a1fcadc319002c09"
  integrity sha512-buGmOjsTnxebHSfa3r/rhpjDk8xmrILG4xslTgV1C2JpbUtf96QnYNNydfsfAGcZrLWO0gid/wigxsx1fdXT8A==
  dependencies:
    "@sentry/core" "6.10.0"
    "@sentry/hub" "6.10.0"
    "@sentry/tracing" "6.10.0"
    "@sentry/types" "6.10.0"
    "@sentry/utils" "6.10.0"
    cookie "^0.4.1"
    https-proxy-agent "^5.0.0"
    lru_map "^0.3.3"
    tslib "^1.9.3"

"@sentry/tracing@6.10.0", "@sentry/tracing@^6.9.0":
  version "6.10.0"
  resolved "https://registry.yarnpkg.com/@sentry/tracing/-/tracing-6.10.0.tgz#8dcdc28cccfad976540a3c801acb6914b9c0802e"
  integrity sha512-jZj6Aaf8kU5wgyNXbAJHosHn8OOFdK14lgwYPb/AIDsY35g9a9ncTOqIOBp8X3KkmSR8lcBzAEyiUzCxAis2jA==
  dependencies:
    "@sentry/hub" "6.10.0"
    "@sentry/minimal" "6.10.0"
    "@sentry/types" "6.10.0"
    "@sentry/utils" "6.10.0"
    tslib "^1.9.3"

"@sentry/types@6.10.0":
  version "6.10.0"
  resolved "https://registry.yarnpkg.com/@sentry/types/-/types-6.10.0.tgz#6b1f44e5ed4dbc2710bead24d1b32fb08daf04e1"
  integrity sha512-M7s0JFgG7/6/yNVYoPUbxzaXDhnzyIQYRRJJKRaTD77YO4MHvi4Ke8alBWqD5fer0cPIfcSkBqa9BLdqRqcMWw==

"@sentry/utils@6.10.0":
  version "6.10.0"
  resolved "https://registry.yarnpkg.com/@sentry/utils/-/utils-6.10.0.tgz#839a099fa0a1f0ca0893c7ce8c55ba0608c1d80f"
  integrity sha512-F9OczOcZMFtazYVZ6LfRIe65/eOfQbiAedIKS0li4npuMz0jKYRbxrjd/U7oLiNQkPAp4/BujU4m1ZIwq6a+tg==
  dependencies:
    "@sentry/types" "6.10.0"
    tslib "^1.9.3"

"@types/node@*", "@types/node@^16.4.1":
  version "16.4.1"
  resolved "https://registry.yarnpkg.com/@types/node/-/node-16.4.1.tgz#9fad171a5b701613ee8a6f4ece3c88b1034b1b03"
  integrity sha512-UW7cbLqf/Wu5XH2RKKY1cHwUNLicIDRLMraYKz+HHAerJ0ZffUEk+fMnd8qU2JaS6cAy0r8tsaf7yqHASf/Y0Q==

"@types/ws@^7.4.5":
  version "7.4.6"
  resolved "https://registry.yarnpkg.com/@types/ws/-/ws-7.4.6.tgz#c4320845e43d45a7129bb32905e28781c71c1fff"
  integrity sha512-ijZ1vzRawI7QoWnTNL8KpHixd2b2XVb9I9HAqI3triPsh1EC0xH0Eg6w2O3TKbDCgiNNlJqfrof6j4T2I+l9vw==
  dependencies:
    "@types/node" "*"

abort-controller@^3.0.0:
  version "3.0.0"
  resolved "https://registry.yarnpkg.com/abort-controller/-/abort-controller-3.0.0.tgz#eaf54d53b62bae4138e809ca225c8439a6efb392"
  integrity sha512-h8lQ8tacZYnR3vNQTgibj+tODHI5/+l06Au2Pcriv/Gmet0eaj4TwWH41sO9wnHDiQsEj19q0drzdWdeAHtweg==
  dependencies:
    event-target-shim "^5.0.0"

agent-base@6:
  version "6.0.2"
  resolved "https://registry.yarnpkg.com/agent-base/-/agent-base-6.0.2.tgz#49fff58577cfee3f37176feab4c22e00f86d7f77"
  integrity sha512-RZNwNclF7+MS/8bDg70amg32dyeZGZxiDuQmZxKLAlQjr3jGyLx+4Kkk58UO7D2QdgFIQCovuSuZESne6RG6XQ==
  dependencies:
    debug "4"

asynckit@^0.4.0:
  version "0.4.0"
  resolved "https://registry.yarnpkg.com/asynckit/-/asynckit-0.4.0.tgz#c79ed97f7f34cb8f2ba1bc9790bcc366474b4b79"
  integrity sha1-x57Zf380y48robyXkLzDZkdLS3k=

bindings@^1.5.0:
  version "1.5.0"
  resolved "https://registry.yarnpkg.com/bindings/-/bindings-1.5.0.tgz#10353c9e945334bc0511a6d90b38fbc7c9c504df"
  integrity sha512-p2q/t/mhvuOj/UeLlV6566GD/guowlr0hHxClI0W9m7MWYkL1F0hLo+0Aexs9HSPCtR1SXQ0TD3MMKrXZajbiQ==
  dependencies:
    file-uri-to-path "1.0.0"

bufferutil@^4.0.3:
  version "4.0.3"
  resolved "https://registry.yarnpkg.com/bufferutil/-/bufferutil-4.0.3.tgz#66724b756bed23cd7c28c4d306d7994f9943cc6b"
  integrity sha512-yEYTwGndELGvfXsImMBLop58eaGW+YdONi1fNjTINSY98tmMmFijBG6WXgdkfuLNt4imzQNtIE+eBp1PVpMCSw==
  dependencies:
    node-gyp-build "^4.2.0"

combined-stream@^1.0.8:
  version "1.0.8"
  resolved "https://registry.yarnpkg.com/combined-stream/-/combined-stream-1.0.8.tgz#c3d45a8b34fd730631a110a8a2520682b31d5a7f"
  integrity sha512-FQN4MRfuJeHf7cBbBMJFXhKSDq+2kAArBlmRBvcvFE5BB1HZKXtSFASDhdlz9zOYwxh8lDdnvmMOe/+5cdoEdg==
  dependencies:
    delayed-stream "~1.0.0"

cookie@^0.4.1:
  version "0.4.1"
  resolved "https://registry.yarnpkg.com/cookie/-/cookie-0.4.1.tgz#afd713fe26ebd21ba95ceb61f9a8116e50a537d1"
  integrity sha512-ZwrFkGJxUR3EIoXtO+yVE69Eb7KlixbaeAWfBQB9vVsNn/o+Yw69gBWSSDK825hQNdN+wF8zELf3dFNl/kxkUA==

cross-fetch@^3.0.0:
  version "3.1.4"
  resolved "https://registry.yarnpkg.com/cross-fetch/-/cross-fetch-3.1.4.tgz#9723f3a3a247bf8b89039f3a380a9244e8fa2f39"
  integrity sha512-1eAtFWdIubi6T4XPy6ei9iUFoKpUkIF971QLN8lIvvvwueI65+Nw5haMNKUwfJxabqlIIDODJKGrQ66gxC0PbQ==
  dependencies:
    node-fetch "2.6.1"

debug@4:
  version "4.3.2"
  resolved "https://registry.yarnpkg.com/debug/-/debug-4.3.2.tgz#f0a49c18ac8779e31d4a0c6029dfb76873c7428b"
  integrity sha512-mOp8wKcvj7XxC78zLgw/ZA+6TSgkoE2C/ienthhRD298T7UNwAg9diBpLRxC0mOezLl4B0xV7M0cCO6P/O0Xhw==
  dependencies:
    ms "2.1.2"

delayed-stream@~1.0.0:
  version "1.0.0"
  resolved "https://registry.yarnpkg.com/delayed-stream/-/delayed-stream-1.0.0.tgz#df3ae199acadfb7d440aaae0b29e2272b24ec619"
  integrity sha1-3zrhmayt+31ECqrgsp4icrJOxhk=

discord-api-types@^0.18.1:
  version "0.18.1"
  resolved "https://registry.yarnpkg.com/discord-api-types/-/discord-api-types-0.18.1.tgz#5d08ed1263236be9c21a22065d0e6b51f790f492"
  integrity sha512-hNC38R9ZF4uaujaZQtQfm5CdQO58uhdkoHQAVvMfIL0LgOSZeW575W8H6upngQOuoxWd8tiRII3LLJm9zuQKYg==

discord-api-types@^0.19.0:
  version "0.19.0"
  resolved "https://registry.yarnpkg.com/discord-api-types/-/discord-api-types-0.19.0.tgz#86ba8021b29190cf860e90a2bc3e29b1d7aab3ba"
  integrity sha512-t2HKLd43Lbe+rf+ffYfKVv9Kk5f6p7sFqvO6CMV55ZB0PgZv8WigCkt9FoJciYo5S3Q6CGYK+WnE/ZG+6vkBDQ==

discord.js@^13.0.0-dev.4886ae2.1627128182:
  version "13.0.0-dev.4886ae2.1627128182"
  resolved "https://registry.yarnpkg.com/discord.js/-/discord.js-13.0.0-dev.4886ae2.1627128182.tgz#188e3f39c4fe9dbda0973139aa2f743539094b65"
  integrity sha512-e13Bpj+zNsFLJbezTZRztBerKn1vmwbal0nIDP0inRZnEnZbHPWQ5/F+2JDsGHL0TTLsuTNr28zkKtdoU/2WTw==
  dependencies:
    "@discordjs/builders" "^0.2.0"
    "@discordjs/collection" "^0.1.6"
    "@discordjs/form-data" "^3.0.1"
    "@sapphire/async-queue" "^1.1.4"
    "@types/ws" "^7.4.5"
    abort-controller "^3.0.0"
    discord-api-types "^0.19.0"
    node-fetch "^2.6.1"
    ws "^7.5.1"

dotenv@^10.0.0:
  version "10.0.0"
  resolved "https://registry.yarnpkg.com/dotenv/-/dotenv-10.0.0.tgz#3d4227b8fb95f81096cdd2b66653fb2c7085ba81"
  integrity sha512-rlBi9d8jpv9Sf1klPjNfFAuWDjKLwTIJJ/VxtoTwIR6hnZxcEOQCZg2oIL3MWBYw5GpUDKOEnND7LXTbIpQ03Q==

erlpack@discord/erlpack:
  version "0.1.3"
  resolved "https://codeload.github.com/discord/erlpack/tar.gz/e27db8f82892bdb9b28a0547cc394d68b5d2242d"
  dependencies:
    bindings "^1.5.0"
    nan "^2.14.0"

event-target-shim@^5.0.0:
  version "5.0.1"
  resolved "https://registry.yarnpkg.com/event-target-shim/-/event-target-shim-5.0.1.tgz#5d4d3ebdf9583d63a5333ce2deb7480ab2b05789"
  integrity sha512-i/2XbnSz/uxRCU6+NdVJgKWDTM427+MqYbkQzD321DuCQJUqOuJKIA0IM2+W2xtYHdKOmZ4dR6fExsd4SXL+WQ==

file-uri-to-path@1.0.0:
  version "1.0.0"
  resolved "https://registry.yarnpkg.com/file-uri-to-path/-/file-uri-to-path-1.0.0.tgz#553a7b8446ff6f684359c445f1e37a05dacc33dd"
  integrity sha512-0Zt+s3L7Vf1biwWZ29aARiVYLx7iMGnEUl9x33fbB/j3jR81u/O2LbqK+Bm1CDSNDKVtJ/YjwY7TUd5SkeLQLw==

https-proxy-agent@^5.0.0:
  version "5.0.0"
  resolved "https://registry.yarnpkg.com/https-proxy-agent/-/https-proxy-agent-5.0.0.tgz#e2a90542abb68a762e0a0850f6c9edadfd8506b2"
  integrity sha512-EkYm5BcKUGiduxzSt3Eppko+PiNWNEpa4ySk9vTC6wDsQJW9rHSa+UhGNJoRYp7bz6Ht1eaRIa6QaJqO5rCFbA==
  dependencies:
    agent-base "6"
    debug "4"

lru_map@^0.3.3:
  version "0.3.3"
  resolved "https://registry.yarnpkg.com/lru_map/-/lru_map-0.3.3.tgz#b5c8351b9464cbd750335a79650a0ec0e56118dd"
  integrity sha1-tcg1G5Rky9dQM1p5ZQoOwOVhGN0=

mime-db@1.48.0:
  version "1.48.0"
  resolved "https://registry.yarnpkg.com/mime-db/-/mime-db-1.48.0.tgz#e35b31045dd7eada3aaad537ed88a33afbef2d1d"
  integrity sha512-FM3QwxV+TnZYQ2aRqhlKBMHxk10lTbMt3bBkMAp54ddrNeVSfcQYOOKuGuy3Ddrm38I04If834fOUSq1yzslJQ==

mime-types@^2.1.12:
  version "2.1.31"
  resolved "https://registry.yarnpkg.com/mime-types/-/mime-types-2.1.31.tgz#a00d76b74317c61f9c2db2218b8e9f8e9c5c9e6b"
  integrity sha512-XGZnNzm3QvgKxa8dpzyhFTHmpP3l5YNusmne07VUOXxou9CqUqYa/HBy124RqtVh/O2pECas/MOcsDgpilPOPg==
  dependencies:
    mime-db "1.48.0"

moment@^2.29.1:
  version "2.29.1"
  resolved "https://registry.yarnpkg.com/moment/-/moment-2.29.1.tgz#b2be769fa31940be9eeea6469c075e35006fa3d3"
  integrity sha512-kHmoybcPV8Sqy59DwNDY3Jefr64lK/by/da0ViFcuA4DH0vQg5Q6Ze5VimxkfQNSC+Mls/Kx53s7TjP1RhFEDQ==

ms@2.1.2:
  version "2.1.2"
  resolved "https://registry.yarnpkg.com/ms/-/ms-2.1.2.tgz#d09d1f357b443f493382a8eb3ccd183872ae6009"
  integrity sha512-sGkPx+VjMtmA6MX27oA4FBFELFCZZ4S4XqeGOXCv68tT+jb3vk/RyaKWP0PTKyWtmLSM0b+adUTEvbs1PEaH2w==

nan@^2.14.0:
  version "2.14.2"
  resolved "https://registry.yarnpkg.com/nan/-/nan-2.14.2.tgz#f5376400695168f4cc694ac9393d0c9585eeea19"
  integrity sha512-M2ufzIiINKCuDfBSAUr1vWQ+vuVcA9kqx8JJUsbQi6yf1uGRyb7HfpdfUr5qLXf3B/t8dPvcjhKMmlfnP47EzQ==

node-fetch@2.6.1, node-fetch@^2.6.1:
  version "2.6.1"
  resolved "https://registry.yarnpkg.com/node-fetch/-/node-fetch-2.6.1.tgz#045bd323631f76ed2e2b55573394416b639a0052"
  integrity sha512-V4aYg89jEoVRxRb2fJdAg8FHvI7cEyYdVAh94HH0UIK8oJxUfkjlDQN9RbMx+bEjP7+ggMiFRprSti032Oipxw==

node-gyp-build@^4.2.0:
  version "4.2.3"
  resolved "https://registry.yarnpkg.com/node-gyp-build/-/node-gyp-build-4.2.3.tgz#ce6277f853835f718829efb47db20f3e4d9c4739"
  integrity sha512-MN6ZpzmfNCRM+3t57PTJHgHyw/h4OWnZ6mR8P5j/uZtqQr46RRuDE/P+g3n0YR/AiYXeWixZZzaip77gdICfRg==

oauth-1.0a@^2.2.4:
  version "2.2.6"
  resolved "https://registry.yarnpkg.com/oauth-1.0a/-/oauth-1.0a-2.2.6.tgz#eadbccdb3bceea412d24586e6f39b2b412f0e491"
  integrity sha512-6bkxv3N4Gu5lty4viIcIAnq5GbxECviMBeKR3WX/q87SPQ8E8aursPZUtsXDnxCs787af09WPRBLqYrf/lwoYQ==

tslib@^1.9.3:
  version "1.14.1"
  resolved "https://registry.yarnpkg.com/tslib/-/tslib-1.14.1.tgz#cf2d38bdc34a134bcaf1091c41f6619e2f672d00"
  integrity sha512-Xni35NKzjgMrwevysHTCArtLDpPvye8zV/0E4EyYn43P7/7qvQwPh9BGkHewbMulVntbigmcT7rdX3BNo9wRJg==

tslib@^2.3.0:
  version "2.3.0"
  resolved "https://registry.yarnpkg.com/tslib/-/tslib-2.3.0.tgz#803b8cdab3e12ba581a4ca41c8839bbb0dacb09e"
  integrity sha512-N82ooyxVNm6h1riLCoyS9e3fuJ3AMG2zIZs2Gd1ATcSFjSA23Q0fzjjZeh0jbJvWVDZ0cJT8yaNNaaXHzueNjg==

twitter-d@^0.4.0:
  version "0.4.0"
  resolved "https://registry.yarnpkg.com/twitter-d/-/twitter-d-0.4.0.tgz#3b7e2dd480c38699f4199124b77511c6f7bc8e29"
  integrity sha512-t8z7qqq0yt1dD7BUISRvASw9mtYRMSTTVzmkvjz8oM9ZN++LEC6Ix8WEXZS0RtswnGgwdSPTxY9qyHcYgPexdA==

twitter-lite@^1.1.0:
  version "1.1.0"
  resolved "https://registry.yarnpkg.com/twitter-lite/-/twitter-lite-1.1.0.tgz#77f250cc73f14ecc5a493ddb81ff0a3e9ae72680"
  integrity sha512-v37I0zyYXjn3/zdm/ii+1RiBFZ2SCB3wLl1N5nfW8TUqoNDYBR66oXBFbQavKEvjg5WqcTUzNhAhe6FkgylPsw==
  dependencies:
    cross-fetch "^3.0.0"
    oauth-1.0a "^2.2.4"

utf-8-validate@^5.0.5:
  version "5.0.5"
  resolved "https://registry.yarnpkg.com/utf-8-validate/-/utf-8-validate-5.0.5.tgz#dd32c2e82c72002dc9f02eb67ba6761f43456ca1"
  integrity sha512-+pnxRYsS/axEpkrrEpzYfNZGXp0IjC/9RIxwM5gntY4Koi8SHmUGSfxfWqxZdRxrtaoVstuOzUp/rbs3JSPELQ==
  dependencies:
    node-gyp-build "^4.2.0"

ws@^7.5.1:
  version "7.5.3"
  resolved "https://registry.yarnpkg.com/ws/-/ws-7.5.3.tgz#160835b63c7d97bfab418fc1b8a9fced2ac01a74"
  integrity sha512-kQ/dHIzuLrS6Je9+uv81ueZomEwH0qVYstcAQ4/Z93K8zeko9gtAbttJWzoC5ukqXY1PpoouV3+VSOqEAFt5wg==

zlib-sync@^0.1.7:
  version "0.1.7"
  resolved "https://registry.yarnpkg.com/zlib-sync/-/zlib-sync-0.1.7.tgz#b0b24f9428e434943e306ad586428ef8baf3ed60"
  integrity sha512-UmciU6ZrIwtwPC8noMzq+kGMdiWwNRZ3wC0SbED4Ew5Ikqx14MqDPRs/Pbk+3rZPh5SzsOgUBs1WRE0iieddpg==
  dependencies:
    nan "^2.14.0"
